
Microsoft Visual Studio Solution File, Format Version 12.00
# Visual Studio Version 17
VisualStudioVersion = 17.0.31903.59
MinimumVisualStudioVersion = 10.0.40219.1
Project("{FAE04EC0-301F-11D3-BF4B-00C04F79EFBC}") = "BusinessLogic", "BusinessLogic\BusinessLogic.csproj", "{051B95FE-527D-4602-96C3-85F82AD37C5E}"
EndProject
Project("{FAE04EC0-301F-11D3-BF4B-00C04F79EFBC}") = "BusinessLogicUnitTests", "BusinessLogicUnitTests\BusinessLogicUnitTests.csproj", "{A311FD52-708D-4E07-BA87-181A8C294A25}"
EndProject
Project("{FAE04EC0-301F-11D3-BF4B-00C04F79EFBC}") = "Northwind.Commerce", "Northwind.Commerce\Northwind.Commerce.csproj", "{05E42091-F0FE-470B-B3CA-04E9BBFE6B98}"
EndProject
Project("{FAE04EC0-301F-11D3-BF4B-00C04F79EFBC}") = "FluentTests", "FluentTests\FluentTests.csproj", "{882B87FA-96EA-4273-8961-156F368C038C}"
EndProject
Project("{FAE04EC0-301F-11D3-BF4B-00C04F79EFBC}") = "BogusTests", "BogusTests\BogusTests.csproj", "{8EC941C4-166C-437A-A788-F9BB0FF1B541}"
EndProject
Global
	GlobalSection(SolutionConfigurationPlatforms) = preSolution
		Debug|Any CPU = Debug|Any CPU
		Release|Any CPU = Release|Any CPU
	EndGlobalSection
	GlobalSection(SolutionProperties) = preSolution
		HideSolutionNode = FALSE
	EndGlobalSection
	GlobalSection(ProjectConfigurationPlatforms) = postSolution
		{051B95FE-527D-4602-96C3-85F82AD37C5E}.Debug|Any CPU.ActiveCfg = Debug|Any CPU
		{051B95FE-527D-4602-96C3-85F82AD37C5E}.Debug|Any CPU.Build.0 = Debug|Any CPU
		{051B95FE-527D-4602-96C3-85F82AD37C5E}.Release|Any CPU.ActiveCfg = Release|Any CPU
		{051B95FE-527D-4602-96C3-85F82AD37C5E}.Release|Any CPU.Build.0 = Release|Any CPU
		{A311FD52-708D-4E07-BA87-181A8C294A25}.Debug|Any CPU.ActiveCfg = Debug|Any CPU
		{A311FD52-708D-4E07-BA87-181A8C294A25}.Debug|Any CPU.Build.0 = Debug|Any CPU
		{A311FD52-708D-4E07-BA87-181A8C294A25}.Release|Any CPU.ActiveCfg = Release|Any CPU
		{A311FD52-708D-4E07-BA87-181A8C294A25}.Release|Any CPU.Build.0 = Release|Any CPU
		{05E42091-F0FE-470B-B3CA-04E9BBFE6B98}.Debug|Any CPU.ActiveCfg = Debug|Any CPU
		{05E42091-F0FE-470B-B3CA-04E9BBFE6B98}.Debug|Any CPU.Build.0 = Debug|Any CPU
		{05E42091-F0FE-470B-B3CA-04E9BBFE6B98}.Release|Any CPU.ActiveCfg = Release|Any CPU
		{05E42091-F0FE-470B-B3CA-04E9BBFE6B98}.Release|Any CPU.Build.0 = Release|Any CPU
		{882B87FA-96EA-4273-8961-156F368C038C}.Debug|Any CPU.ActiveCfg = Debug|Any CPU
		{882B87FA-96EA-4273-8961-156F368C038C}.Debug|Any CPU.Build.0 = Debug|Any CPU
		{882B87FA-96EA-4273-8961-156F368C038C}.Release|Any CPU.ActiveCfg = Release|Any CPU
		{882B87FA-96EA-4273-8961-156F368C038C}.Release|Any CPU.Build.0 = Release|Any CPU
		{8EC941C4-166C-437A-A788-F9BB0FF1B541}.Debug|Any CPU.ActiveCfg = Debug|Any CPU
		{8EC941C4-166C-437A-A788-F9BB0FF1B541}.Debug|Any CPU.Build.0 = Debug|Any CPU
		{8EC941C4-166C-437A-A788-F9BB0FF1B541}.Release|Any CPU.ActiveCfg = Release|Any CPU
		{8EC941C4-166C-437A-A788-F9BB0FF1B541}.Release|Any CPU.Build.0 = Release|Any CPU
	EndGlobalSection
EndGlobal
